<?xml version="1.0" encoding="utf-8"?>
<Project ToolsVersion="4.0" xmlns="http://schemas.microsoft.com/developer/msbuild/2003">
  <ItemGroup>
    <ClCompile Include="Application.cpp">
      <Filter>Core</Filter>
    </ClCompile>
    <ClCompile Include="Coins.cpp">
      <Filter>Modules\Game</Filter>
    </ClCompile>
    <ClCompile Include="Color.cpp">
      <Filter>Core\Tools</Filter>
    </ClCompile>
    <ClCompile Include="glmath.cpp">
      <Filter>Core\Helpers</Filter>
    </ClCompile>
    <ClCompile Include="Light.cpp">
      <Filter>Core\Tools</Filter>
    </ClCompile>
    <ClCompile Include="log.cpp">
      <Filter>Core\Containers</Filter>
    </ClCompile>
    <ClCompile Include="Main.cpp">
      <Filter>Core</Filter>
    </ClCompile>
    <ClCompile Include="ModuleAudio.cpp">
      <Filter>Modules\Controllers\Specific</Filter>
    </ClCompile>
    <ClCompile Include="ModuleInput.cpp">
      <Filter>Modules\Controllers\General</Filter>
    </ClCompile>
    <ClCompile Include="ModuleCamera3D.cpp">
      <Filter>Modules\Controllers\Specific</Filter>
    </ClCompile>
    <ClCompile Include="ModulePhysics3D.cpp">
      <Filter>Modules\Controllers\General</Filter>
    </ClCompile>
    <ClCompile Include="ModulePlayer.cpp">
      <Filter>Modules\Game</Filter>
    </ClCompile>
    <ClCompile Include="ModuleRenderer3D.cpp">
      <Filter>Modules\Controllers\Specific</Filter>
    </ClCompile>
    <ClCompile Include="ModuleSceneIntro.cpp">
      <Filter>Modules\Game</Filter>
    </ClCompile>
    <ClCompile Include="ModuleWindow.cpp">
      <Filter>Modules\Controllers\General</Filter>
    </ClCompile>
    <ClCompile Include="PhysBody3D.cpp">
      <Filter>Core\Helpers</Filter>
    </ClCompile>
    <ClCompile Include="PhysVehicle3D.cpp">
      <Filter>Core\Helpers</Filter>
    </ClCompile>
    <ClCompile Include="Primitive.cpp">
      <Filter>Core\Helpers</Filter>
    </ClCompile>
    <ClCompile Include="Timer.cpp">
      <Filter>Core\Tools</Filter>
    </ClCompile>
  </ItemGroup>
  <ItemGroup>
    <ClInclude Include="Application.h">
      <Filter>Core</Filter>
    </ClInclude>
    <ClInclude Include="Coins.h">
      <Filter>Modules\Game</Filter>
    </ClInclude>
    <ClInclude Include="Color.h">
      <Filter>Core\Tools</Filter>
    </ClInclude>
    <ClInclude Include="glmath.h">
      <Filter>Core\Helpers</Filter>
    </ClInclude>
    <ClInclude Include="Globals.h">
      <Filter>Core</Filter>
    </ClInclude>
    <ClInclude Include="Light.h">
      <Filter>Core\Tools</Filter>
    </ClInclude>
    <ClInclude Include="Module.h">
      <Filter>Modules</Filter>
    </ClInclude>
    <ClInclude Include="ModuleAudio.h">
      <Filter>Modules\Controllers\Specific</Filter>
    </ClInclude>
    <ClInclude Include="ModuleInput.h">
      <Filter>Modules\Controllers\General</Filter>
    </ClInclude>
    <ClInclude Include="ModuleCamera3D.h">
      <Filter>Modules\Controllers\Specific</Filter>
    </ClInclude>
    <ClInclude Include="ModulePhysics3D.h">
      <Filter>Modules\Controllers\General</Filter>
    </ClInclude>
    <ClInclude Include="ModulePlayer.h">
      <Filter>Modules\Game</Filter>
    </ClInclude>
    <ClInclude Include="ModuleRenderer3D.h">
      <Filter>Modules\Controllers\Specific</Filter>
    </ClInclude>
    <ClInclude Include="ModuleSceneIntro.h">
      <Filter>Modules\Game</Filter>
    </ClInclude>
    <ClInclude Include="ModuleWindow.h">
      <Filter>Modules\Controllers\General</Filter>
    </ClInclude>
    <ClInclude Include="p2DynArray.h">
      <Filter>Core\Containers</Filter>
    </ClInclude>
    <ClInclude Include="p2List.h">
      <Filter>Core\Containers</Filter>
    </ClInclude>
    <ClInclude Include="p2Point.h">
      <Filter>Core\Containers</Filter>
    </ClInclude>
    <ClInclude Include="PhysBody3D.h">
      <Filter>Core\Helpers</Filter>
    </ClInclude>
    <ClInclude Include="PhysVehicle3D.h">
      <Filter>Core\Helpers</Filter>
    </ClInclude>
    <ClInclude Include="Primitive.h">
      <Filter>Core\Helpers</Filter>
    </ClInclude>
    <ClInclude Include="Timer.h">
      <Filter>Core\Tools</Filter>
    </ClInclude>
  </ItemGroup>
  <ItemGroup>
    <Filter Include="Core">
      <UniqueIdentifier>{b92f1f7f-2115-4971-80b2-080eb1e3cbca}</UniqueIdentifier>
    </Filter>
    <Filter Include="Modules">
      <UniqueIdentifier>{5e41d6ca-c0e5-4335-a8c9-72f84d7b892d}</UniqueIdentifier>
    </Filter>
    <Filter Include="Modules\Game">
      <UniqueIdentifier>{b26bd542-b4d2-471e-bb9c-edc3a68691e0}</UniqueIdentifier>
    </Filter>
    <Filter Include="Modules\Controllers">
      <UniqueIdentifier>{02d85736-bd7a-43dc-9af6-d2c9d50fc137}</UniqueIdentifier>
    </Filter>
    <Filter Include="Modules\Controllers\General">
      <UniqueIdentifier>{f2258dc0-13ae-450a-a37e-1d8051e03590}</UniqueIdentifier>
    </Filter>
    <Filter Include="Modules\Controllers\Specific">
      <UniqueIdentifier>{b6074733-cdad-4e28-9daf-6fab006ef4e5}</UniqueIdentifier>
    </Filter>
    <Filter Include="Core\Containers">
      <UniqueIdentifier>{37199597-634c-4bc8-9759-590db4949d17}</UniqueIdentifier>
    </Filter>
    <Filter Include="Core\Helpers">
      <UniqueIdentifier>{4ceca7f8-96ce-4aa6-b636-46ab5cfcc54f}</UniqueIdentifier>
    </Filter>
    <Filter Include="Core\Tools">
      <UniqueIdentifier>{59c98d96-0b4f-45cd-be62-991bf356747f}</UniqueIdentifier>
    </Filter>
  </ItemGroup>
</Project>